// !$*UTF8*$!
{
	archiveVersion = 1;
	classes = {
	};
	objectVersion = 46;
	objects = {

/* Begin PBXBuildFile section */
		8F6453891CD168CF00B4C089 /* PictureAnnotation.swift in Sources */ = {isa = PBXBuildFile; fileRef = 8F6453881CD168CF00B4C089 /* PictureAnnotation.swift */; };
		8F64538E1CD16BBB00B4C089 /* Hoot.png in Resources */ = {isa = PBXBuildFile; fileRef = 8F64538D1CD16BBB00B4C089 /* Hoot.png */; };
		8F6453901CD16FDF00B4C089 /* CameraViewController.swift in Sources */ = {isa = PBXBuildFile; fileRef = 8F64538F1CD16FDF00B4C089 /* CameraViewController.swift */; };
		8F6453921CD1704900B4C089 /* PictureTabController.swift in Sources */ = {isa = PBXBuildFile; fileRef = 8F6453911CD1704900B4C089 /* PictureTabController.swift */; };
		8F7DCC511CBAD8FF006B9830 /* AppDelegate.swift in Sources */ = {isa = PBXBuildFile; fileRef = 8F7DCC501CBAD8FF006B9830 /* AppDelegate.swift */; };
		8F7DCC531CBAD8FF006B9830 /* MapViewController.swift in Sources */ = {isa = PBXBuildFile; fileRef = 8F7DCC521CBAD8FF006B9830 /* MapViewController.swift */; };
		8F7DCC561CBAD8FF006B9830 /* Main.storyboard in Resources */ = {isa = PBXBuildFile; fileRef = 8F7DCC541CBAD8FF006B9830 /* Main.storyboard */; };
		8F7DCC581CBAD8FF006B9830 /* Assets.xcassets in Resources */ = {isa = PBXBuildFile; fileRef = 8F7DCC571CBAD8FF006B9830 /* Assets.xcassets */; };
		8F7DCC5B1CBAD8FF006B9830 /* LaunchScreen.storyboard in Resources */ = {isa = PBXBuildFile; fileRef = 8F7DCC591CBAD8FF006B9830 /* LaunchScreen.storyboard */; };
		8F7DCC7F1CBADD70006B9830 /* MapKit.framework in Frameworks */ = {isa = PBXBuildFile; fileRef = 8F7DCC7E1CBADD70006B9830 /* MapKit.framework */; };
		C567C2481CD83CF7001294EA /* CollectionViewController.swift in Sources */ = {isa = PBXBuildFile; fileRef = C567C2471CD83CF7001294EA /* CollectionViewController.swift */; };
		C567C24A1CD845A4001294EA /* CollectionViewCell.swift in Sources */ = {isa = PBXBuildFile; fileRef = C567C2491CD845A4001294EA /* CollectionViewCell.swift */; };
		C5A0D35D1CD1716F007EC9BA /* AddPhotoViewController.swift in Sources */ = {isa = PBXBuildFile; fileRef = C5A0D3591CD1716F007EC9BA /* AddPhotoViewController.swift */; };
		C5A0D35E1CD1716F007EC9BA /* ShowPictureViewController.swift in Sources */ = {isa = PBXBuildFile; fileRef = C5A0D35A1CD1716F007EC9BA /* ShowPictureViewController.swift */; };
		C5A0D35F1CD1716F007EC9BA /* TableViewController.swift in Sources */ = {isa = PBXBuildFile; fileRef = C5A0D35B1CD1716F007EC9BA /* TableViewController.swift */; };
/* End PBXBuildFile section */

/* Begin PBXContainerItemProxy section */
		8F7DCC621CBAD8FF006B9830 /* PBXContainerItemProxy */ = {
			isa = PBXContainerItemProxy;
			containerPortal = 8F7DCC451CBAD8FE006B9830 /* Project object */;
			proxyType = 1;
			remoteGlobalIDString = 8F7DCC4C1CBAD8FF006B9830;
			remoteInfo = "Picture Places";
		};
		8F7DCC6D1CBAD8FF006B9830 /* PBXContainerItemProxy */ = {
			isa = PBXContainerItemProxy;
			containerPortal = 8F7DCC451CBAD8FE006B9830 /* Project object */;
			proxyType = 1;
			remoteGlobalIDString = 8F7DCC4C1CBAD8FF006B9830;
			remoteInfo = "Picture Places";
		};
/* End PBXContainerItemProxy section */

/* Begin PBXFileReference section */
		8F6453881CD168CF00B4C089 /* PictureAnnotation.swift */ = {isa = PBXFileReference; fileEncoding = 4; lastKnownFileType = sourcecode.swift; path = PictureAnnotation.swift; sourceTree = "<group>"; };
		8F64538D1CD16BBB00B4C089 /* Hoot.png */ = {isa = PBXFileReference; lastKnownFileType = image.png; name = Hoot.png; path = "Picture Places/Resource/Hoot.png"; sourceTree = "<group>"; };
		8F64538F1CD16FDF00B4C089 /* CameraViewController.swift */ = {isa = PBXFileReference; fileEncoding = 4; lastKnownFileType = sourcecode.swift; path = CameraViewController.swift; sourceTree = "<group>"; };
		8F6453911CD1704900B4C089 /* PictureTabController.swift */ = {isa = PBXFileReference; fileEncoding = 4; lastKnownFileType = sourcecode.swift; path = PictureTabController.swift; sourceTree = "<group>"; };
		8F6453931CD1715E00B4C089 /* AddPhotoViewController.swift */ = {isa = PBXFileReference; fileEncoding = 4; lastKnownFileType = sourcecode.swift; path = AddPhotoViewController.swift; sourceTree = "<group>"; };
		8F6453941CD1715E00B4C089 /* ShowPictureViewController.swift */ = {isa = PBXFileReference; fileEncoding = 4; lastKnownFileType = sourcecode.swift; path = ShowPictureViewController.swift; sourceTree = "<group>"; };
		8F6453951CD1715E00B4C089 /* TableViewController.swift */ = {isa = PBXFileReference; fileEncoding = 4; lastKnownFileType = sourcecode.swift; path = TableViewController.swift; sourceTree = "<group>"; };
		8F7DCC4D1CBAD8FF006B9830 /* Picture Places.app */ = {isa = PBXFileReference; explicitFileType = wrapper.application; includeInIndex = 0; path = "Picture Places.app"; sourceTree = BUILT_PRODUCTS_DIR; };
		8F7DCC501CBAD8FF006B9830 /* AppDelegate.swift */ = {isa = PBXFileReference; lastKnownFileType = sourcecode.swift; path = AppDelegate.swift; sourceTree = "<group>"; };
		8F7DCC521CBAD8FF006B9830 /* MapViewController.swift */ = {isa = PBXFileReference; lastKnownFileType = sourcecode.swift; path = MapViewController.swift; sourceTree = "<group>"; };
		8F7DCC551CBAD8FF006B9830 /* Base */ = {isa = PBXFileReference; lastKnownFileType = file.storyboard; name = Base; path = Base.lproj/Main.storyboard; sourceTree = "<group>"; };
		8F7DCC571CBAD8FF006B9830 /* Assets.xcassets */ = {isa = PBXFileReference; lastKnownFileType = folder.assetcatalog; path = Assets.xcassets; sourceTree = "<group>"; };
		8F7DCC5A1CBAD8FF006B9830 /* Base */ = {isa = PBXFileReference; lastKnownFileType = file.storyboard; name = Base; path = Base.lproj/LaunchScreen.storyboard; sourceTree = "<group>"; };
		8F7DCC5C1CBAD8FF006B9830 /* Info.plist */ = {isa = PBXFileReference; lastKnownFileType = text.plist.xml; path = Info.plist; sourceTree = "<group>"; };
		8F7DCC611CBAD8FF006B9830 /* Picture PlacesTests.xctest */ = {isa = PBXFileReference; explicitFileType = wrapper.cfbundle; includeInIndex = 0; path = "Picture PlacesTests.xctest"; sourceTree = BUILT_PRODUCTS_DIR; };
		8F7DCC6C1CBAD8FF006B9830 /* Picture PlacesUITests.xctest */ = {isa = PBXFileReference; explicitFileType = wrapper.cfbundle; includeInIndex = 0; path = "Picture PlacesUITests.xctest"; sourceTree = BUILT_PRODUCTS_DIR; };
		8F7DCC7E1CBADD70006B9830 /* MapKit.framework */ = {isa = PBXFileReference; lastKnownFileType = wrapper.framework; name = MapKit.framework; path = System/Library/Frameworks/MapKit.framework; sourceTree = SDKROOT; };
		C567C2471CD83CF7001294EA /* CollectionViewController.swift */ = {isa = PBXFileReference; fileEncoding = 4; lastKnownFileType = sourcecode.swift; path = CollectionViewController.swift; sourceTree = "<group>"; };
		C567C2491CD845A4001294EA /* CollectionViewCell.swift */ = {isa = PBXFileReference; fileEncoding = 4; lastKnownFileType = sourcecode.swift; path = CollectionViewCell.swift; sourceTree = "<group>"; };
		C5A0D3591CD1716F007EC9BA /* AddPhotoViewController.swift */ = {isa = PBXFileReference; fileEncoding = 4; lastKnownFileType = sourcecode.swift; path = AddPhotoViewController.swift; sourceTree = "<group>"; };
		C5A0D35A1CD1716F007EC9BA /* ShowPictureViewController.swift */ = {isa = PBXFileReference; fileEncoding = 4; lastKnownFileType = sourcecode.swift; path = ShowPictureViewController.swift; sourceTree = "<group>"; };
		C5A0D35B1CD1716F007EC9BA /* TableViewController.swift */ = {isa = PBXFileReference; fileEncoding = 4; lastKnownFileType = sourcecode.swift; path = TableViewController.swift; sourceTree = "<group>"; };
/* End PBXFileReference section */

/* Begin PBXFrameworksBuildPhase section */
		8F7DCC4A1CBAD8FF006B9830 /* Frameworks */ = {
			isa = PBXFrameworksBuildPhase;
			buildActionMask = 2147483647;
			files = (
				8F7DCC7F1CBADD70006B9830 /* MapKit.framework in Frameworks */,
			);
			runOnlyForDeploymentPostprocessing = 0;
		};
		8F7DCC5E1CBAD8FF006B9830 /* Frameworks */ = {
			isa = PBXFrameworksBuildPhase;
			buildActionMask = 2147483647;
			files = (
			);
			runOnlyForDeploymentPostprocessing = 0;
		};
		8F7DCC691CBAD8FF006B9830 /* Frameworks */ = {
			isa = PBXFrameworksBuildPhase;
			buildActionMask = 2147483647;
			files = (
			);
			runOnlyForDeploymentPostprocessing = 0;
		};
/* End PBXFrameworksBuildPhase section */

/* Begin PBXGroup section */
		8F64538C1CD16B3100B4C089 /* Resources */ = {
			isa = PBXGroup;
			children = (
				8F64538D1CD16BBB00B4C089 /* Hoot.png */,
			);
			name = Resources;
			sourceTree = "<group>";
		};
		8F7DCC441CBAD8FE006B9830 = {
			isa = PBXGroup;
			children = (
				8F7DCC7E1CBADD70006B9830 /* MapKit.framework */,
				8F7DCC4F1CBAD8FF006B9830 /* Picture Places */,
				8F7DCC4E1CBAD8FF006B9830 /* Products */,
				8F64538C1CD16B3100B4C089 /* Resources */,
			);
			sourceTree = "<group>";
		};
		8F7DCC4E1CBAD8FF006B9830 /* Products */ = {
			isa = PBXGroup;
			children = (
				8F7DCC4D1CBAD8FF006B9830 /* Picture Places.app */,
				8F7DCC611CBAD8FF006B9830 /* Picture PlacesTests.xctest */,
				8F7DCC6C1CBAD8FF006B9830 /* Picture PlacesUITests.xctest */,
			);
			name = Products;
			sourceTree = "<group>";
		};
		8F7DCC4F1CBAD8FF006B9830 /* Picture Places */ = {
			isa = PBXGroup;
			children = (
				8F7DCC501CBAD8FF006B9830 /* AppDelegate.swift */,
				8F64538F1CD16FDF00B4C089 /* CameraViewController.swift */,
				8F6453911CD1704900B4C089 /* PictureTabController.swift */,
				C5A0D3591CD1716F007EC9BA /* AddPhotoViewController.swift */,
				C5A0D35A1CD1716F007EC9BA /* ShowPictureViewController.swift */,
				C5A0D35B1CD1716F007EC9BA /* TableViewController.swift */,
				8F7DCC521CBAD8FF006B9830 /* MapViewController.swift */,
				8F6453881CD168CF00B4C089 /* PictureAnnotation.swift */,
				8F7DCC541CBAD8FF006B9830 /* Main.storyboard */,
				C567C2491CD845A4001294EA /* CollectionViewCell.swift */,
				C567C2471CD83CF7001294EA /* CollectionViewController.swift */,
				8F6453931CD1715E00B4C089 /* AddPhotoViewController.swift */,
				8F6453941CD1715E00B4C089 /* ShowPictureViewController.swift */,
				8F6453951CD1715E00B4C089 /* TableViewController.swift */,
				8F7DCC571CBAD8FF006B9830 /* Assets.xcassets */,
				8F7DCC591CBAD8FF006B9830 /* LaunchScreen.storyboard */,
				8F7DCC5C1CBAD8FF006B9830 /* Info.plist */,
			);
			path = "Picture Places";
			sourceTree = "<group>";
		};
/* End PBXGroup section */

/* Begin PBXNativeTarget section */
		8F7DCC4C1CBAD8FF006B9830 /* Picture Places */ = {
			isa = PBXNativeTarget;
			buildConfigurationList = 8F7DCC751CBAD8FF006B9830 /* Build configuration list for PBXNativeTarget "Picture Places" */;
			buildPhases = (
				8F7DCC491CBAD8FF006B9830 /* Sources */,
				8F7DCC4A1CBAD8FF006B9830 /* Frameworks */,
				8F7DCC4B1CBAD8FF006B9830 /* Resources */,
			);
			buildRules = (
			);
			dependencies = (
			);
			name = "Picture Places";
			productName = "Picture Places";
			productReference = 8F7DCC4D1CBAD8FF006B9830 /* Picture Places.app */;
			productType = "com.apple.product-type.application";
		};
		8F7DCC601CBAD8FF006B9830 /* Picture PlacesTests */ = {
			isa = PBXNativeTarget;
			buildConfigurationList = 8F7DCC781CBAD8FF006B9830 /* Build configuration list for PBXNativeTarget "Picture PlacesTests" */;
			buildPhases = (
				8F7DCC5D1CBAD8FF006B9830 /* Sources */,
				8F7DCC5E1CBAD8FF006B9830 /* Frameworks */,
				8F7DCC5F1CBAD8FF006B9830 /* Resources */,
			);
			buildRules = (
			);
			dependencies = (
				8F7DCC631CBAD8FF006B9830 /* PBXTargetDependency */,
			);
			name = "Picture PlacesTests";
			productName = "Picture PlacesTests";
			productReference = 8F7DCC611CBAD8FF006B9830 /* Picture PlacesTests.xctest */;
			productType = "com.apple.product-type.bundle.unit-test";
		};
		8F7DCC6B1CBAD8FF006B9830 /* Picture PlacesUITests */ = {
			isa = PBXNativeTarget;
			buildConfigurationList = 8F7DCC7B1CBAD8FF006B9830 /* Build configuration list for PBXNativeTarget "Picture PlacesUITests" */;
			buildPhases = (
				8F7DCC681CBAD8FF006B9830 /* Sources */,
				8F7DCC691CBAD8FF006B9830 /* Frameworks */,
				8F7DCC6A1CBAD8FF006B9830 /* Resources */,
			);
			buildRules = (
			);
			dependencies = (
				8F7DCC6E1CBAD8FF006B9830 /* PBXTargetDependency */,
			);
			name = "Picture PlacesUITests";
			productName = "Picture PlacesUITests";
			productReference = 8F7DCC6C1CBAD8FF006B9830 /* Picture PlacesUITests.xctest */;
			productType = "com.apple.product-type.bundle.ui-testing";
		};
/* End PBXNativeTarget section */

/* Begin PBXProject section */
		8F7DCC451CBAD8FE006B9830 /* Project object */ = {
			isa = PBXProject;
			attributes = {
				LastSwiftUpdateCheck = 0730;
				LastUpgradeCheck = 0730;
				ORGANIZATIONNAME = Sophario;
				TargetAttributes = {
					8F7DCC4C1CBAD8FF006B9830 = {
						CreatedOnToolsVersion = 7.3;
						DevelopmentTeam = 6B85L3XKD5;
					};
					8F7DCC601CBAD8FF006B9830 = {
						CreatedOnToolsVersion = 7.3;
						DevelopmentTeam = 6B85L3XKD5;
						TestTargetID = 8F7DCC4C1CBAD8FF006B9830;
					};
					8F7DCC6B1CBAD8FF006B9830 = {
						CreatedOnToolsVersion = 7.3;
						DevelopmentTeam = 6B85L3XKD5;
						TestTargetID = 8F7DCC4C1CBAD8FF006B9830;
					};
				};
			};
			buildConfigurationList = 8F7DCC481CBAD8FE006B9830 /* Build configuration list for PBXProject "Picture Places" */;
			compatibilityVersion = "Xcode 3.2";
			developmentRegion = English;
			hasScannedForEncodings = 0;
			knownRegions = (
				en,
				Base,
			);
			mainGroup = 8F7DCC441CBAD8FE006B9830;
			productRefGroup = 8F7DCC4E1CBAD8FF006B9830 /* Products */;
			projectDirPath = "";
			projectRoot = "";
			targets = (
				8F7DCC4C1CBAD8FF006B9830 /* Picture Places */,
				8F7DCC601CBAD8FF006B9830 /* Picture PlacesTests */,
				8F7DCC6B1CBAD8FF006B9830 /* Picture PlacesUITests */,
			);
		};
/* End PBXProject section */

/* Begin PBXResourcesBuildPhase section */
		8F7DCC4B1CBAD8FF006B9830 /* Resources */ = {
			isa = PBXResourcesBuildPhase;
			buildActionMask = 2147483647;
			files = (
				8F7DCC5B1CBAD8FF006B9830 /* LaunchScreen.storyboard in Resources */,
				8F64538E1CD16BBB00B4C089 /* Hoot.png in Resources */,
				8F7DCC581CBAD8FF006B9830 /* Assets.xcassets in Resources */,
				8F7DCC561CBAD8FF006B9830 /* Main.storyboard in Resources */,
			);
			runOnlyForDeploymentPostprocessing = 0;
		};
		8F7DCC5F1CBAD8FF006B9830 /* Resources */ = {
			isa = PBXResourcesBuildPhase;
			buildActionMask = 2147483647;
			files = (
			);
			runOnlyForDeploymentPostprocessing = 0;
		};
		8F7DCC6A1CBAD8FF006B9830 /* Resources */ = {
			isa = PBXResourcesBuildPhase;
			buildActionMask = 2147483647;
			files = (
			);
			runOnlyForDeploymentPostprocessing = 0;
		};
/* End PBXResourcesBuildPhase section */

/* Begin PBXSourcesBuildPhase section */
		8F7DCC491CBAD8FF006B9830 /* Sources */ = {
			isa = PBXSourcesBuildPhase;
			buildActionMask = 2147483647;
			files = (
				C567C24A1CD845A4001294EA /* CollectionViewCell.swift in Sources */,
				C567C2481CD83CF7001294EA /* CollectionViewController.swift in Sources */,
				8F6453921CD1704900B4C089 /* PictureTabController.swift in Sources */,
				C5A0D35E1CD1716F007EC9BA /* ShowPictureViewController.swift in Sources */,
				C5A0D35D1CD1716F007EC9BA /* AddPhotoViewController.swift in Sources */,
				C5A0D35F1CD1716F007EC9BA /* TableViewController.swift in Sources */,
				8F7DCC531CBAD8FF006B9830 /* MapViewController.swift in Sources */,
				8F6453901CD16FDF00B4C089 /* CameraViewController.swift in Sources */,
				8F7DCC511CBAD8FF006B9830 /* AppDelegate.swift in Sources */,
				8F6453891CD168CF00B4C089 /* PictureAnnotation.swift in Sources */,
			);
			runOnlyForDeploymentPostprocessing = 0;
		};
		8F7DCC5D1CBAD8FF006B9830 /* Sources */ = {
			isa = PBXSourcesBuildPhase;
			buildActionMask = 2147483647;
			files = (
			);
			runOnlyForDeploymentPostprocessing = 0;
		};
		8F7DCC681CBAD8FF006B9830 /* Sources */ = {
			isa = PBXSourcesBuildPhase;
			buildActionMask = 2147483647;
			files = (
			);
			runOnlyForDeploymentPostprocessing = 0;
		};
/* End PBXSourcesBuildPhase section */

/* Begin PBXTargetDependency section */
		8F7DCC631CBAD8FF006B9830 /* PBXTargetDependency */ = {
			isa = PBXTargetDependency;
			target = 8F7DCC4C1CBAD8FF006B9830 /* Picture Places */;
			targetProxy = 8F7DCC621CBAD8FF006B9830 /* PBXContainerItemProxy */;
		};
		8F7DCC6E1CBAD8FF006B9830 /* PBXTargetDependency */ = {
			isa = PBXTargetDependency;
			target = 8F7DCC4C1CBAD8FF006B9830 /* Picture Places */;
			targetProxy = 8F7DCC6D1CBAD8FF006B9830 /* PBXContainerItemProxy */;
		};
/* End PBXTargetDependency section */

/* Begin PBXVariantGroup section */
		8F7DCC541CBAD8FF006B9830 /* Main.storyboard */ = {
			isa = PBXVariantGroup;
			children = (
				8F7DCC551CBAD8FF006B9830 /* Base */,
			);
			name = Main.storyboard;
			sourceTree = "<group>";
		};
		8F7DCC591CBAD8FF006B9830 /* LaunchScreen.storyboard */ = {
			isa = PBXVariantGroup;
			children = (
				8F7DCC5A1CBAD8FF006B9830 /* Base */,
			);
			name = LaunchScreen.storyboard;
			sourceTree = "<group>";
		};
/* End PBXVariantGroup section */

/* Begin XCBuildConfiguration section */
		8F7DCC731CBAD8FF006B9830 /* Debug */ = {
			isa = XCBuildConfiguration;
			buildSettings = {
				ALWAYS_SEARCH_USER_PATHS = NO;
				CLANG_ANALYZER_NONNULL = YES;
				CLANG_CXX_LANGUAGE_STANDARD = "gnu++0x";
				CLANG_CXX_LIBRARY = "libc++";
				CLANG_ENABLE_MODULES = YES;
				CLANG_ENABLE_OBJC_ARC = YES;
				CLANG_WARN_BOOL_CONVERSION = YES;
				CLANG_WARN_CONSTANT_CONVERSION = YES;
				CLANG_WARN_DIRECT_OBJC_ISA_USAGE = YES_ERROR;
				CLANG_WARN_EMPTY_BODY = YES;
				CLANG_WARN_ENUM_CONVERSION = YES;
				CLANG_WARN_INT_CONVERSION = YES;
				CLANG_WARN_OBJC_ROOT_CLASS = YES_ERROR;
				CLANG_WARN_UNREACHABLE_CODE = YES;
				CLANG_WARN__DUPLICATE_METHOD_MATCH = YES;
				"CODE_SIGN_IDENTITY[sdk=iphoneos*]" = "iPhone Developer";
				COPY_PHASE_STRIP = NO;
				DEBUG_INFORMATION_FORMAT = dwarf;
				ENABLE_STRICT_OBJC_MSGSEND = YES;
				ENABLE_TESTABILITY = YES;
				GCC_C_LANGUAGE_STANDARD = gnu99;
				GCC_DYNAMIC_NO_PIC = NO;
				GCC_NO_COMMON_BLOCKS = YES;
				GCC_OPTIMIZATION_LEVEL = 0;
				GCC_PREPROCESSOR_DEFINITIONS = (
					"DEBUG=1",
					"$(inherited)",
				);
				GCC_WARN_64_TO_32_BIT_CONVERSION = YES;
				GCC_WARN_ABOUT_RETURN_TYPE = YES_ERROR;
				GCC_WARN_UNDECLARED_SELECTOR = YES;
				GCC_WARN_UNINITIALIZED_AUTOS = YES_AGGRESSIVE;
				GCC_WARN_UNUSED_FUNCTION = YES;
				GCC_WARN_UNUSED_VARIABLE = YES;
				IPHONEOS_DEPLOYMENT_TARGET = 9.3;
				MTL_ENABLE_DEBUG_INFO = YES;
				ONLY_ACTIVE_ARCH = YES;
				SDKROOT = iphoneos;
				SWIFT_OPTIMIZATION_LEVEL = "-Onone";
			};
			name = Debug;
		};
		8F7DCC741CBAD8FF006B9830 /* Release */ = {
			isa = XCBuildConfiguration;
			buildSettings = {
				ALWAYS_SEARCH_USER_PATHS = NO;
				CLANG_ANALYZER_NONNULL = YES;
				CLANG_CXX_LANGUAGE_STANDARD = "gnu++0x";
				CLANG_CXX_LIBRARY = "libc++";
				CLANG_ENABLE_MODULES = YES;
				CLANG_ENABLE_OBJC_ARC = YES;
				CLANG_WARN_BOOL_CONVERSION = YES;
				CLANG_WARN_CONSTANT_CONVERSION = YES;
				CLANG_WARN_DIRECT_OBJC_ISA_USAGE = YES_ERROR;
				CLANG_WARN_EMPTY_BODY = YES;
				CLANG_WARN_ENUM_CONVERSION = YES;
				CLANG_WARN_INT_CONVERSION = YES;
				CLANG_WARN_OBJC_ROOT_CLASS = YES_ERROR;
				CLANG_WARN_UNREACHABLE_CODE = YES;
				CLANG_WARN__DUPLICATE_METHOD_MATCH = YES;
				"CODE_SIGN_IDENTITY[sdk=iphoneos*]" = "iPhone Developer";
				COPY_PHASE_STRIP = NO;
				DEBUG_INFORMATION_FORMAT = "dwarf-with-dsym";
				ENABLE_NS_ASSERTIONS = NO;
				ENABLE_STRICT_OBJC_MSGSEND = YES;
				GCC_C_LANGUAGE_STANDARD = gnu99;
				GCC_NO_COMMON_BLOCKS = YES;
				GCC_WARN_64_TO_32_BIT_CONVERSION = YES;
				GCC_WARN_ABOUT_RETURN_TYPE = YES_ERROR;
				GCC_WARN_UNDECLARED_SELECTOR = YES;
				GCC_WARN_UNINITIALIZED_AUTOS = YES_AGGRESSIVE;
				GCC_WARN_UNUSED_FUNCTION = YES;
				GCC_WARN_UNUSED_VARIABLE = YES;
				IPHONEOS_DEPLOYMENT_TARGET = 9.3;
				MTL_ENABLE_DEBUG_INFO = NO;
				SDKROOT = iphoneos;
				VALIDATE_PRODUCT = YES;
			};
			name = Release;
		};
		8F7DCC761CBAD8FF006B9830 /* Debug */ = {
			isa = XCBuildConfiguration;
			buildSettings = {
				ASSETCATALOG_COMPILER_APPICON_NAME = AppIcon;
				INFOPLIST_FILE = "Picture Places/Info.plist";
				LD_RUNPATH_SEARCH_PATHS = "$(inherited) @executable_path/Frameworks";
				PRODUCT_BUNDLE_IDENTIFIER = "sop.Picture-Places";
				PRODUCT_NAME = "$(TARGET_NAME)";
			};
			name = Debug;
		};
		8F7DCC771CBAD8FF006B9830 /* Release */ = {
			isa = XCBuildConfiguration;
			buildSettings = {
				ASSETCATALOG_COMPILER_APPICON_NAME = AppIcon;
				INFOPLIST_FILE = "Picture Places/Info.plist";
				LD_RUNPATH_SEARCH_PATHS = "$(inherited) @executable_path/Frameworks";
				PRODUCT_BUNDLE_IDENTIFIER = "sop.Picture-Places";
				PRODUCT_NAME = "$(TARGET_NAME)";
			};
			name = Release;
		};
		8F7DCC791CBAD8FF006B9830 /* Debug */ = {
			isa = XCBuildConfiguration;
			buildSettings = {
				BUNDLE_LOADER = "$(TEST_HOST)";
				INFOPLIST_FILE = "Picture PlacesTests/Info.plist";
				LD_RUNPATH_SEARCH_PATHS = "$(inherited) @executable_path/Frameworks @loader_path/Frameworks";
				PRODUCT_BUNDLE_IDENTIFIER = "sop.Picture-PlacesTests";
				PRODUCT_NAME = "$(TARGET_NAME)";
				TEST_HOST = "$(BUILT_PRODUCTS_DIR)/Picture Places.app/Picture Places";
			};
			name = Debug;
		};
		8F7DCC7A1CBAD8FF006B9830 /* Release */ = {
			isa = XCBuildConfiguration;
			buildSettings = {
				BUNDLE_LOADER = "$(TEST_HOST)";
				INFOPLIST_FILE = "Picture PlacesTests/Info.plist";
				LD_RUNPATH_SEARCH_PATHS = "$(inherited) @executable_path/Frameworks @loader_path/Frameworks";
				PRODUCT_BUNDLE_IDENTIFIER = "sop.Picture-PlacesTests";
				PRODUCT_NAME = "$(TARGET_NAME)";
				TEST_HOST = "$(BUILT_PRODUCTS_DIR)/Picture Places.app/Picture Places";
			};
			name = Release;
		};
		8F7DCC7C1CBAD8FF006B9830 /* Debug */ = {
			isa = XCBuildConfiguration;
			buildSettings = {
				INFOPLIST_FILE = "Picture PlacesUITests/Info.plist";
				LD_RUNPATH_SEARCH_PATHS = "$(inherited) @executable_path/Frameworks @loader_path/Frameworks";
				PRODUCT_BUNDLE_IDENTIFIER = "sop.Picture-PlacesUITests";
				PRODUCT_NAME = "$(TARGET_NAME)";
				TEST_TARGET_NAME = "Picture Places";
			};
			name = Debug;
		};
		8F7DCC7D1CBAD8FF006B9830 /* Release */ = {
			isa = XCBuildConfiguration;
			buildSettings = {
				INFOPLIST_FILE = "Picture PlacesUITests/Info.plist";
				LD_RUNPATH_SEARCH_PATHS = "$(inherited) @executable_path/Frameworks @loader_path/Frameworks";
				PRODUCT_BUNDLE_IDENTIFIER = "sop.Picture-PlacesUITests";
				PRODUCT_NAME = "$(TARGET_NAME)";
				TEST_TARGET_NAME = "Picture Places";
			};
			name = Release;
		};
/* End XCBuildConfiguration section */

/* Begin XCConfigurationList section */
		8F7DCC481CBAD8FE006B9830 /* Build configuration list for PBXProject "Picture Places" */ = {
			isa = XCConfigurationList;
			buildConfigurations = (
				8F7DCC731CBAD8FF006B9830 /* Debug */,
				8F7DCC741CBAD8FF006B9830 /* Release */,
			);
			defaultConfigurationIsVisible = 0;
			defaultConfigurationName = Release;
		};
		8F7DCC751CBAD8FF006B9830 /* Build configuration list for PBXNativeTarget "Picture Places" */ = {
			isa = XCConfigurationList;
			buildConfigurations = (
				8F7DCC761CBAD8FF006B9830 /* Debug */,
				8F7DCC771CBAD8FF006B9830 /* Release */,
			);
			defaultConfigurationIsVisible = 0;
			defaultConfigurationName = Release;
		};
		8F7DCC781CBAD8FF006B9830 /* Build configuration list for PBXNativeTarget "Picture PlacesTests" */ = {
			isa = XCConfigurationList;
			buildConfigurations = (
				8F7DCC791CBAD8FF006B9830 /* Debug */,
				8F7DCC7A1CBAD8FF006B9830 /* Release */,
			);
			defaultConfigurationIsVisible = 0;
			defaultConfigurationName = Release;
		};
		8F7DCC7B1CBAD8FF006B9830 /* Build configuration list for PBXNativeTarget "Picture PlacesUITests" */ = {
			isa = XCConfigurationList;
			buildConfigurations = (
				8F7DCC7C1CBAD8FF006B9830 /* Debug */,
				8F7DCC7D1CBAD8FF006B9830 /* Release */,
			);
			defaultConfigurationIsVisible = 0;
			defaultConfigurationName = Release;
		};
/* End XCConfigurationList section */
	};
	rootObject = 8F7DCC451CBAD8FE006B9830 /* Project object */;
}
